
Microsoft Visual Studio Solution File, Format Version 12.00
# Visual Studio 2015
Project("{FAE04EC0-301F-11D3-BF4B-00C04F79EFBC}") = "FlappyBirdTest", "FlappyBirdTest.csproj", "{A96388C6-E01D-EBB7-EBB8-88125F5E7738}"
EndProject
Global
	GlobalSection(SolutionConfigurationPlatforms) = preSolution
		Debug|Any CPU = Debug|Any CPU
		Release|Any CPU = Release|Any CPU
	EndGlobalSection
	GlobalSection(ProjectConfigurationPlatforms) = postSolution
		{A96388C6-E01D-EBB7-EBB8-88125F5E7738}.Debug|Any CPU.ActiveCfg = Debug|Any CPU
		{A96388C6-E01D-EBB7-EBB8-88125F5E7738}.Debug|Any CPU.Build.0 = Debug|Any CPU
		{A96388C6-E01D-EBB7-EBB8-88125F5E7738}.Release|Any CPU.ActiveCfg = Release|Any CPU
		{A96388C6-E01D-EBB7-EBB8-88125F5E7738}.Release|Any CPU.Build.0 = Release|Any CPU
	EndGlobalSection
	GlobalSection(SolutionProperties) = preSolution
		HideSolutionNode = FALSE
	EndGlobalSection
EndGlobal
